
Microsoft Visual Studio Solution File, Format Version 12.00
# Visual Studio Version 17
VisualStudioVersion = 17.0.31903.59
MinimumVisualStudioVersion = 10.0.40219.1
Project("{FAE04EC0-301F-11D3-BF4B-00C04F79EFBC}") = "TaskManager.API", "TaskManager.API\TaskManager.API.csproj", "{4E7DD3DD-9D5C-4099-B658-C4AF295AAB6B}"
EndProject
Project("{2150E333-8FDC-42A3-9474-1A3956D46DE8}") = "TaskManager.Client", "TaskManager.Client", "{8ABDE324-E2C6-4459-A7DF-B2D4C332EF82}"
EndProject
Project("{FAE04EC0-301F-11D3-BF4B-00C04F79EFBC}") = "TaskManager.Client", "TaskManager.Client\TaskManager.Client\TaskManager.Client.csproj", "{3E1D08F8-0E71-4556-A1AA-C07F25A41733}"
EndProject
Global
	GlobalSection(SolutionConfigurationPlatforms) = preSolution
		Debug|Any CPU = Debug|Any CPU
		Release|Any CPU = Release|Any CPU
	EndGlobalSection
	GlobalSection(SolutionProperties) = preSolution
		HideSolutionNode = FALSE
	EndGlobalSection
	GlobalSection(ProjectConfigurationPlatforms) = postSolution
		{4E7DD3DD-9D5C-4099-B658-C4AF295AAB6B}.Debug|Any CPU.ActiveCfg = Debug|Any CPU
		{4E7DD3DD-9D5C-4099-B658-C4AF295AAB6B}.Debug|Any CPU.Build.0 = Debug|Any CPU
		{4E7DD3DD-9D5C-4099-B658-C4AF295AAB6B}.Release|Any CPU.ActiveCfg = Release|Any CPU
		{4E7DD3DD-9D5C-4099-B658-C4AF295AAB6B}.Release|Any CPU.Build.0 = Release|Any CPU
		{3E1D08F8-0E71-4556-A1AA-C07F25A41733}.Debug|Any CPU.ActiveCfg = Debug|Any CPU
		{3E1D08F8-0E71-4556-A1AA-C07F25A41733}.Debug|Any CPU.Build.0 = Debug|Any CPU
		{3E1D08F8-0E71-4556-A1AA-C07F25A41733}.Release|Any CPU.ActiveCfg = Release|Any CPU
		{3E1D08F8-0E71-4556-A1AA-C07F25A41733}.Release|Any CPU.Build.0 = Release|Any CPU
	EndGlobalSection
	GlobalSection(NestedProjects) = preSolution
		{3E1D08F8-0E71-4556-A1AA-C07F25A41733} = {8ABDE324-E2C6-4459-A7DF-B2D4C332EF82}
	EndGlobalSection
EndGlobal
